// !$*UTF8*$!
{
	archiveVersion = 1;
	classes = {
	};
	objectVersion = 46;
	objects = {

/* Begin PBXBuildFile section */
		B3DBF0CA1D48F4AA0084AB3D /* AppDelegate.swift in Sources */ = {isa = PBXBuildFile; fileRef = B3DBF0C91D48F4AA0084AB3D /* AppDelegate.swift */; };
		B3DBF0CC1D48F4AA0084AB3D /* ViewController.swift in Sources */ = {isa = PBXBuildFile; fileRef = B3DBF0CB1D48F4AA0084AB3D /* ViewController.swift */; };
		B3DBF0CF1D48F4AA0084AB3D /* Main.storyboard in Resources */ = {isa = PBXBuildFile; fileRef = B3DBF0CD1D48F4AA0084AB3D /* Main.storyboard */; };
		B3DBF0D41D48F4AA0084AB3D /* LaunchScreen.storyboard in Resources */ = {isa = PBXBuildFile; fileRef = B3DBF0D21D48F4AA0084AB3D /* LaunchScreen.storyboard */; };
		B3DBF0DE1D48F4F20084AB3D /* ImageGalleryView.swift in Sources */ = {isa = PBXBuildFile; fileRef = B3DBF0DD1D48F4F20084AB3D /* ImageGalleryView.swift */; };
		B3DBF0E01D48F9980084AB3D /* StoryboardViewController.swift in Sources */ = {isa = PBXBuildFile; fileRef = B3DBF0DF1D48F9980084AB3D /* StoryboardViewController.swift */; };
		B3DBF0E21D4904EB0084AB3D /* AsynchronousViewController.swift in Sources */ = {isa = PBXBuildFile; fileRef = B3DBF0E11D4904EB0084AB3D /* AsynchronousViewController.swift */; };
		B3DBF0E41D49EDC70084AB3D /* Assets.xcassets in Resources */ = {isa = PBXBuildFile; fileRef = B3DBF0E31D49EDC70084AB3D /* Assets.xcassets */; };
/* End PBXBuildFile section */

/* Begin PBXFileReference section */
		B3DBF0C61D48F4AA0084AB3D /* ImageGalleryView.app */ = {isa = PBXFileReference; explicitFileType = wrapper.application; includeInIndex = 0; path = ImageGalleryView.app; sourceTree = BUILT_PRODUCTS_DIR; };
		B3DBF0C91D48F4AA0084AB3D /* AppDelegate.swift */ = {isa = PBXFileReference; lastKnownFileType = sourcecode.swift; path = AppDelegate.swift; sourceTree = "<group>"; };
		B3DBF0CB1D48F4AA0084AB3D /* ViewController.swift */ = {isa = PBXFileReference; lastKnownFileType = sourcecode.swift; path = ViewController.swift; sourceTree = "<group>"; };
		B3DBF0CE1D48F4AA0084AB3D /* Base */ = {isa = PBXFileReference; lastKnownFileType = file.storyboard; name = Base; path = Base.lproj/Main.storyboard; sourceTree = "<group>"; };
		B3DBF0D31D48F4AA0084AB3D /* Base */ = {isa = PBXFileReference; lastKnownFileType = file.storyboard; name = Base; path = Base.lproj/LaunchScreen.storyboard; sourceTree = "<group>"; };
		B3DBF0D51D48F4AA0084AB3D /* Info.plist */ = {isa = PBXFileReference; lastKnownFileType = text.plist.xml; path = Info.plist; sourceTree = "<group>"; };
		B3DBF0DD1D48F4F20084AB3D /* ImageGalleryView.swift */ = {isa = PBXFileReference; fileEncoding = 4; lastKnownFileType = sourcecode.swift; path = ImageGalleryView.swift; sourceTree = "<group>"; };
		B3DBF0DF1D48F9980084AB3D /* StoryboardViewController.swift */ = {isa = PBXFileReference; fileEncoding = 4; lastKnownFileType = sourcecode.swift; path = StoryboardViewController.swift; sourceTree = "<group>"; };
		B3DBF0E11D4904EB0084AB3D /* AsynchronousViewController.swift */ = {isa = PBXFileReference; fileEncoding = 4; lastKnownFileType = sourcecode.swift; path = AsynchronousViewController.swift; sourceTree = "<group>"; };
		B3DBF0E31D49EDC70084AB3D /* Assets.xcassets */ = {isa = PBXFileReference; lastKnownFileType = folder.assetcatalog; path = Assets.xcassets; sourceTree = "<group>"; };
/* End PBXFileReference section */

/* Begin PBXFrameworksBuildPhase section */
		B3DBF0C31D48F4AA0084AB3D /* Frameworks */ = {
			isa = PBXFrameworksBuildPhase;
			buildActionMask = 2147483647;
			files = (
			);
			runOnlyForDeploymentPostprocessing = 0;
		};
/* End PBXFrameworksBuildPhase section */

/* Begin PBXGroup section */
		B3DBF0BD1D48F4AA0084AB3D = {
			isa = PBXGroup;
			children = (
				B3DBF0C81D48F4AA0084AB3D /* ImageGalleryView */,
				B3DBF0C71D48F4AA0084AB3D /* Products */,
			);
			sourceTree = "<group>";
		};
		B3DBF0C71D48F4AA0084AB3D /* Products */ = {
			isa = PBXGroup;
			children = (
				B3DBF0C61D48F4AA0084AB3D /* ImageGalleryView.app */,
			);
			name = Products;
			sourceTree = "<group>";
		};
		B3DBF0C81D48F4AA0084AB3D /* ImageGalleryView */ = {
			isa = PBXGroup;
			children = (
				B3DBF0C91D48F4AA0084AB3D /* AppDelegate.swift */,
				B3DBF0CB1D48F4AA0084AB3D /* ViewController.swift */,
				B3DBF0DF1D48F9980084AB3D /* StoryboardViewController.swift */,
				B3DBF0E11D4904EB0084AB3D /* AsynchronousViewController.swift */,
				B3DBF0DD1D48F4F20084AB3D /* ImageGalleryView.swift */,
				B3DBF0CD1D48F4AA0084AB3D /* Main.storyboard */,
				B3DBF0D21D48F4AA0084AB3D /* LaunchScreen.storyboard */,
				B3DBF0E31D49EDC70084AB3D /* Assets.xcassets */,
				B3DBF0D51D48F4AA0084AB3D /* Info.plist */,
			);
			path = ImageGalleryView;
			sourceTree = "<group>";
		};
/* End PBXGroup section */

/* Begin PBXNativeTarget section */
		B3DBF0C51D48F4AA0084AB3D /* ImageGalleryView */ = {
			isa = PBXNativeTarget;
			buildConfigurationList = B3DBF0D81D48F4AA0084AB3D /* Build configuration list for PBXNativeTarget "ImageGalleryView" */;
			buildPhases = (
				B3DBF0C21D48F4AA0084AB3D /* Sources */,
				B3DBF0C31D48F4AA0084AB3D /* Frameworks */,
				B3DBF0C41D48F4AA0084AB3D /* Resources */,
			);
			buildRules = (
			);
			dependencies = (
			);
			name = ImageGalleryView;
			productName = ImageGalleryView;
			productReference = B3DBF0C61D48F4AA0084AB3D /* ImageGalleryView.app */;
			productType = "com.apple.product-type.application";
		};
/* End PBXNativeTarget section */

/* Begin PBXProject section */
		B3DBF0BE1D48F4AA0084AB3D /* Project object */ = {
			isa = PBXProject;
			attributes = {
				LastSwiftUpdateCheck = 0730;
				LastUpgradeCheck = 0730;
				ORGANIZATIONNAME = "Ben Boecker";
				TargetAttributes = {
					B3DBF0C51D48F4AA0084AB3D = {
						CreatedOnToolsVersion = 7.3.1;
					};
				};
			};
			buildConfigurationList = B3DBF0C11D48F4AA0084AB3D /* Build configuration list for PBXProject "ImageGalleryView" */;
			compatibilityVersion = "Xcode 3.2";
			developmentRegion = English;
			hasScannedForEncodings = 0;
			knownRegions = (
				en,
				Base,
			);
			mainGroup = B3DBF0BD1D48F4AA0084AB3D;
			productRefGroup = B3DBF0C71D48F4AA0084AB3D /* Products */;
			projectDirPath = "";
			projectRoot = "";
			targets = (
				B3DBF0C51D48F4AA0084AB3D /* ImageGalleryView */,
			);
		};
/* End PBXProject section */

/* Begin PBXResourcesBuildPhase section */
		B3DBF0C41D48F4AA0084AB3D /* Resources */ = {
			isa = PBXResourcesBuildPhase;
			buildActionMask = 2147483647;
			files = (
				B3DBF0D41D48F4AA0084AB3D /* LaunchScreen.storyboard in Resources */,
				B3DBF0E41D49EDC70084AB3D /* Assets.xcassets in Resources */,
				B3DBF0CF1D48F4AA0084AB3D /* Main.storyboard in Resources */,
			);
			runOnlyForDeploymentPostprocessing = 0;
		};
/* End PBXResourcesBuildPhase section */

/* Begin PBXSourcesBuildPhase section */
		B3DBF0C21D48F4AA0084AB3D /* Sources */ = {
			isa = PBXSourcesBuildPhase;
			buildActionMask = 2147483647;
			files = (
				B3DBF0DE1D48F4F20084AB3D /* ImageGalleryView.swift in Sources */,
				B3DBF0E01D48F9980084AB3D /* StoryboardViewController.swift in Sources */,
				B3DBF0CC1D48F4AA0084AB3D /* ViewController.swift in Sources */,
				B3DBF0CA1D48F4AA0084AB3D /* AppDelegate.swift in Sources */,
				B3DBF0E21D4904EB0084AB3D /* AsynchronousViewController.swift in Sources */,
			);
			runOnlyForDeploymentPostprocessing = 0;
		};
/* End PBXSourcesBuildPhase section */

/* Begin PBXVariantGroup section */
		B3DBF0CD1D48F4AA0084AB3D /* Main.storyboard */ = {
			isa = PBXVariantGroup;
			children = (
				B3DBF0CE1D48F4AA0084AB3D /* Base */,
			);
			name = Main.storyboard;
			sourceTree = "<group>";
		};
		B3DBF0D21D48F4AA0084AB3D /* LaunchScreen.storyboard */ = {
			isa = PBXVariantGroup;
			children = (
				B3DBF0D31D48F4AA0084AB3D /* Base */,
			);
			name = LaunchScreen.storyboard;
			sourceTree = "<group>";
		};
/* End PBXVariantGroup section */

/* Begin XCBuildConfiguration section */
		B3DBF0D61D48F4AA0084AB3D /* Debug */ = {
			isa = XCBuildConfiguration;
			buildSettings = {
				ALWAYS_SEARCH_USER_PATHS = NO;
				CLANG_ANALYZER_NONNULL = YES;
				CLANG_CXX_LANGUAGE_STANDARD = "gnu++0x";
				CLANG_CXX_LIBRARY = "libc++";
				CLANG_ENABLE_MODULES = YES;
				CLANG_ENABLE_OBJC_ARC = YES;
				CLANG_WARN_BOOL_CONVERSION = YES;
				CLANG_WARN_CONSTANT_CONVERSION = YES;
				CLANG_WARN_DIRECT_OBJC_ISA_USAGE = YES_ERROR;
				CLANG_WARN_EMPTY_BODY = YES;
				CLANG_WARN_ENUM_CONVERSION = YES;
				CLANG_WARN_INT_CONVERSION = YES;
				CLANG_WARN_OBJC_ROOT_CLASS = YES_ERROR;
				CLANG_WARN_UNREACHABLE_CODE = YES;
				CLANG_WARN__DUPLICATE_METHOD_MATCH = YES;
				"CODE_SIGN_IDENTITY[sdk=iphoneos*]" = "iPhone Developer";
				COPY_PHASE_STRIP = NO;
				DEBUG_INFORMATION_FORMAT = dwarf;
				ENABLE_STRICT_OBJC_MSGSEND = YES;
				ENABLE_TESTABILITY = YES;
				GCC_C_LANGUAGE_STANDARD = gnu99;
				GCC_DYNAMIC_NO_PIC = NO;
				GCC_NO_COMMON_BLOCKS = YES;
				GCC_OPTIMIZATION_LEVEL = 0;
				GCC_PREPROCESSOR_DEFINITIONS = (
					"DEBUG=1",
					"$(inherited)",
				);
				GCC_WARN_64_TO_32_BIT_CONVERSION = YES;
				GCC_WARN_ABOUT_RETURN_TYPE = YES_ERROR;
				GCC_WARN_UNDECLARED_SELECTOR = YES;
				GCC_WARN_UNINITIALIZED_AUTOS = YES_AGGRESSIVE;
				GCC_WARN_UNUSED_FUNCTION = YES;
				GCC_WARN_UNUSED_VARIABLE = YES;
				IPHONEOS_DEPLOYMENT_TARGET = 9.3;
				MTL_ENABLE_DEBUG_INFO = YES;
				ONLY_ACTIVE_ARCH = YES;
				SDKROOT = iphoneos;
				SWIFT_OPTIMIZATION_LEVEL = "-Onone";
			};
			name = Debug;
		};
		B3DBF0D71D48F4AA0084AB3D /* Release */ = {
			isa = XCBuildConfiguration;
			buildSettings = {
				ALWAYS_SEARCH_USER_PATHS = NO;
				CLANG_ANALYZER_NONNULL = YES;
				CLANG_CXX_LANGUAGE_STANDARD = "gnu++0x";
				CLANG_CXX_LIBRARY = "libc++";
				CLANG_ENABLE_MODULES = YES;
				CLANG_ENABLE_OBJC_ARC = YES;
				CLANG_WARN_BOOL_CONVERSION = YES;
				CLANG_WARN_CONSTANT_CONVERSION = YES;
				CLANG_WARN_DIRECT_OBJC_ISA_USAGE = YES_ERROR;
				CLANG_WARN_EMPTY_BODY = YES;
				CLANG_WARN_ENUM_CONVERSION = YES;
				CLANG_WARN_INT_CONVERSION = YES;
				CLANG_WARN_OBJC_ROOT_CLASS = YES_ERROR;
				CLANG_WARN_UNREACHABLE_CODE = YES;
				CLANG_WARN__DUPLICATE_METHOD_MATCH = YES;
				"CODE_SIGN_IDENTITY[sdk=iphoneos*]" = "iPhone Developer";
				COPY_PHASE_STRIP = NO;
				DEBUG_INFORMATION_FORMAT = "dwarf-with-dsym";
				ENABLE_NS_ASSERTIONS = NO;
				ENABLE_STRICT_OBJC_MSGSEND = YES;
				GCC_C_LANGUAGE_STANDARD = gnu99;
				GCC_NO_COMMON_BLOCKS = YES;
				GCC_WARN_64_TO_32_BIT_CONVERSION = YES;
				GCC_WARN_ABOUT_RETURN_TYPE = YES_ERROR;
				GCC_WARN_UNDECLARED_SELECTOR = YES;
				GCC_WARN_UNINITIALIZED_AUTOS = YES_AGGRESSIVE;
				GCC_WARN_UNUSED_FUNCTION = YES;
				GCC_WARN_UNUSED_VARIABLE = YES;
				IPHONEOS_DEPLOYMENT_TARGET = 9.3;
				MTL_ENABLE_DEBUG_INFO = NO;
				SDKROOT = iphoneos;
				VALIDATE_PRODUCT = YES;
			};
			name = Release;
		};
		B3DBF0D91D48F4AA0084AB3D /* Debug */ = {
			isa = XCBuildConfiguration;
			buildSettings = {
				ASSETCATALOG_COMPILER_APPICON_NAME = AppIcon;
				INFOPLIST_FILE = ImageGalleryView/Info.plist;
				LD_RUNPATH_SEARCH_PATHS = "$(inherited) @executable_path/Frameworks";
				PRODUCT_BUNDLE_IDENTIFIER = "de.ben-boecker.ImageGalleryView";
				PRODUCT_NAME = "$(TARGET_NAME)";
			};
			name = Debug;
		};
		B3DBF0DA1D48F4AA0084AB3D /* Release */ = {
			isa = XCBuildConfiguration;
			buildSettings = {
				ASSETCATALOG_COMPILER_APPICON_NAME = AppIcon;
				INFOPLIST_FILE = ImageGalleryView/Info.plist;
				LD_RUNPATH_SEARCH_PATHS = "$(inherited) @executable_path/Frameworks";
				PRODUCT_BUNDLE_IDENTIFIER = "de.ben-boecker.ImageGalleryView";
				PRODUCT_NAME = "$(TARGET_NAME)";
			};
			name = Release;
		};
/* End XCBuildConfiguration section */

/* Begin XCConfigurationList section */
		B3DBF0C11D48F4AA0084AB3D /* Build configuration list for PBXProject "ImageGalleryView" */ = {
			isa = XCConfigurationList;
			buildConfigurations = (
				B3DBF0D61D48F4AA0084AB3D /* Debug */,
				B3DBF0D71D48F4AA0084AB3D /* Release */,
			);
			defaultConfigurationIsVisible = 0;
			defaultConfigurationName = Release;
		};
		B3DBF0D81D48F4AA0084AB3D /* Build configuration list for PBXNativeTarget "ImageGalleryView" */ = {
			isa = XCConfigurationList;
			buildConfigurations = (
				B3DBF0D91D48F4AA0084AB3D /* Debug */,
				B3DBF0DA1D48F4AA0084AB3D /* Release */,
			);
			defaultConfigurationIsVisible = 0;
			defaultConfigurationName = Release;
		};
/* End XCConfigurationList section */
	};
	rootObject = B3DBF0BE1D48F4AA0084AB3D /* Project object */;
}
